
Microsoft Visual Studio Solution File, Format Version 12.00
# Visual Studio Version 17
VisualStudioVersion = 17.14.36408.4
MinimumVisualStudioVersion = 10.0.40219.1
Project("{FAE04EC0-301F-11D3-BF4B-00C04F79EFBC}") = "FiscOrganizer", "FiscOrganizer\FiscOrganizer.csproj", "{4C02B49F-99A3-45A6-9A3D-B1F7BE04A499}"
EndProject
Project("{FAE04EC0-301F-11D3-BF4B-00C04F79EFBC}") = "FiscOrganizer.Core", "FiscOrganizer.Core\FiscOrganizer.Core.csproj", "{392266ED-3916-4B4F-98BC-C3D866509963}"
EndProject
Project("{FAE04EC0-301F-11D3-BF4B-00C04F79EFBC}") = "FiscOrganizer.Tests", "FiscOrganizer.Tests\FiscOrganizer.Tests.csproj", "{1343D1E1-8ABC-4310-A081-57786C94682B}"
EndProject
Global
	GlobalSection(SolutionConfigurationPlatforms) = preSolution
		Debug|Any CPU = Debug|Any CPU
		Release|Any CPU = Release|Any CPU
	EndGlobalSection
	GlobalSection(ProjectConfigurationPlatforms) = postSolution
		{4C02B49F-99A3-45A6-9A3D-B1F7BE04A499}.Debug|Any CPU.ActiveCfg = Debug|Any CPU
		{4C02B49F-99A3-45A6-9A3D-B1F7BE04A499}.Debug|Any CPU.Build.0 = Debug|Any CPU
		{4C02B49F-99A3-45A6-9A3D-B1F7BE04A499}.Release|Any CPU.ActiveCfg = Release|Any CPU
		{4C02B49F-99A3-45A6-9A3D-B1F7BE04A499}.Release|Any CPU.Build.0 = Release|Any CPU
		{392266ED-3916-4B4F-98BC-C3D866509963}.Debug|Any CPU.ActiveCfg = Debug|Any CPU
		{392266ED-3916-4B4F-98BC-C3D866509963}.Debug|Any CPU.Build.0 = Debug|Any CPU
		{392266ED-3916-4B4F-98BC-C3D866509963}.Release|Any CPU.ActiveCfg = Release|Any CPU
		{392266ED-3916-4B4F-98BC-C3D866509963}.Release|Any CPU.Build.0 = Release|Any CPU
		{1343D1E1-8ABC-4310-A081-57786C94682B}.Debug|Any CPU.ActiveCfg = Debug|Any CPU
		{1343D1E1-8ABC-4310-A081-57786C94682B}.Debug|Any CPU.Build.0 = Debug|Any CPU
		{1343D1E1-8ABC-4310-A081-57786C94682B}.Release|Any CPU.ActiveCfg = Release|Any CPU
		{1343D1E1-8ABC-4310-A081-57786C94682B}.Release|Any CPU.Build.0 = Release|Any CPU
	EndGlobalSection
	GlobalSection(SolutionProperties) = preSolution
		HideSolutionNode = FALSE
	EndGlobalSection
	GlobalSection(ExtensibilityGlobals) = postSolution
		SolutionGuid = {0F428632-93E4-41E7-BA2A-92DE59006540}
	EndGlobalSection
EndGlobal
